
Microsoft Visual Studio Solution File, Format Version 12.00
# Visual Studio 2013
VisualStudioVersion = 12.0.21005.1
MinimumVisualStudioVersion = 10.0.40219.1
Project("{8BC9CEB8-8B4A-11D0-8D11-00A0C91BC942}") = "pthreads", "pthreads\pthreads.vcxproj", "{386F1F79-BE31-4E69-B685-A6BE5D9050A9}"
EndProject
Project("{8BC9CEB8-8B4A-11D0-8D11-00A0C91BC942}") = "PThreadTest", "PThreadTest\PThreadTest.vcxproj", "{08EFE8FD-9108-4687-961E-3E5237C335D2}"
EndProject
Project("{8BC9CEB8-8B4A-11D0-8D11-00A0C91BC942}") = "PThreadClassLib", "PThreadClassLib\PThreadClassLib.vcxproj", "{C59E4E29-1B33-448E-900E-185FF9460834}"
EndProject
Project("{8BC9CEB8-8B4A-11D0-8D11-00A0C91BC942}") = "ThreadsPoolTest", "ThreadsPoolTest\ThreadsPoolTest.vcxproj", "{9894BC27-10D8-474E-A567-6EB5753AEBEB}"
EndProject
Global
	GlobalSection(SolutionConfigurationPlatforms) = preSolution
		Debug_NO_EXCEPTIONS|ARM = Debug_NO_EXCEPTIONS|ARM
		Debug_NO_EXCEPTIONS|Mixed Platforms = Debug_NO_EXCEPTIONS|Mixed Platforms
		Debug_NO_EXCEPTIONS|Win32 = Debug_NO_EXCEPTIONS|Win32
		Debug_NO_EXCEPTIONS|x64 = Debug_NO_EXCEPTIONS|x64
		Debug|ARM = Debug|ARM
		Debug|Mixed Platforms = Debug|Mixed Platforms
		Debug|Win32 = Debug|Win32
		Debug|x64 = Debug|x64
		Release_NO_EXCEPTIONS|ARM = Release_NO_EXCEPTIONS|ARM
		Release_NO_EXCEPTIONS|Mixed Platforms = Release_NO_EXCEPTIONS|Mixed Platforms
		Release_NO_EXCEPTIONS|Win32 = Release_NO_EXCEPTIONS|Win32
		Release_NO_EXCEPTIONS|x64 = Release_NO_EXCEPTIONS|x64
		Release|ARM = Release|ARM
		Release|Mixed Platforms = Release|Mixed Platforms
		Release|Win32 = Release|Win32
		Release|x64 = Release|x64
	EndGlobalSection
	GlobalSection(ProjectConfigurationPlatforms) = postSolution
		{386F1F79-BE31-4E69-B685-A6BE5D9050A9}.Debug_NO_EXCEPTIONS|ARM.ActiveCfg = Debug|Win32
		{386F1F79-BE31-4E69-B685-A6BE5D9050A9}.Debug_NO_EXCEPTIONS|ARM.Build.0 = Debug|Win32
		{386F1F79-BE31-4E69-B685-A6BE5D9050A9}.Debug_NO_EXCEPTIONS|Mixed Platforms.ActiveCfg = Debug|Win32
		{386F1F79-BE31-4E69-B685-A6BE5D9050A9}.Debug_NO_EXCEPTIONS|Mixed Platforms.Build.0 = Debug|Win32
		{386F1F79-BE31-4E69-B685-A6BE5D9050A9}.Debug_NO_EXCEPTIONS|Win32.ActiveCfg = Debug_NO_EXCEPTIONS|Win32
		{386F1F79-BE31-4E69-B685-A6BE5D9050A9}.Debug_NO_EXCEPTIONS|Win32.Build.0 = Debug_NO_EXCEPTIONS|Win32
		{386F1F79-BE31-4E69-B685-A6BE5D9050A9}.Debug_NO_EXCEPTIONS|x64.ActiveCfg = Debug_NO_EXCEPTIONS|x64
		{386F1F79-BE31-4E69-B685-A6BE5D9050A9}.Debug_NO_EXCEPTIONS|x64.Build.0 = Debug_NO_EXCEPTIONS|x64
		{386F1F79-BE31-4E69-B685-A6BE5D9050A9}.Debug|ARM.ActiveCfg = Debug|Win32
		{386F1F79-BE31-4E69-B685-A6BE5D9050A9}.Debug|ARM.Build.0 = Debug|Win32
		{386F1F79-BE31-4E69-B685-A6BE5D9050A9}.Debug|Mixed Platforms.ActiveCfg = Debug|Win32
		{386F1F79-BE31-4E69-B685-A6BE5D9050A9}.Debug|Mixed Platforms.Build.0 = Debug|Win32
		{386F1F79-BE31-4E69-B685-A6BE5D9050A9}.Debug|Win32.ActiveCfg = Debug|Win32
		{386F1F79-BE31-4E69-B685-A6BE5D9050A9}.Debug|Win32.Build.0 = Debug|Win32
		{386F1F79-BE31-4E69-B685-A6BE5D9050A9}.Debug|x64.ActiveCfg = Debug|x64
		{386F1F79-BE31-4E69-B685-A6BE5D9050A9}.Debug|x64.Build.0 = Debug|x64
		{386F1F79-BE31-4E69-B685-A6BE5D9050A9}.Release_NO_EXCEPTIONS|ARM.ActiveCfg = Release|Win32
		{386F1F79-BE31-4E69-B685-A6BE5D9050A9}.Release_NO_EXCEPTIONS|ARM.Build.0 = Release|Win32
		{386F1F79-BE31-4E69-B685-A6BE5D9050A9}.Release_NO_EXCEPTIONS|Mixed Platforms.ActiveCfg = Release|Win32
		{386F1F79-BE31-4E69-B685-A6BE5D9050A9}.Release_NO_EXCEPTIONS|Mixed Platforms.Build.0 = Release|Win32
		{386F1F79-BE31-4E69-B685-A6BE5D9050A9}.Release_NO_EXCEPTIONS|Win32.ActiveCfg = Release_NO_EXCEPTIONS|Win32
		{386F1F79-BE31-4E69-B685-A6BE5D9050A9}.Release_NO_EXCEPTIONS|Win32.Build.0 = Release_NO_EXCEPTIONS|Win32
		{386F1F79-BE31-4E69-B685-A6BE5D9050A9}.Release_NO_EXCEPTIONS|x64.ActiveCfg = Release_NO_EXCEPTIONS|x64
		{386F1F79-BE31-4E69-B685-A6BE5D9050A9}.Release_NO_EXCEPTIONS|x64.Build.0 = Release_NO_EXCEPTIONS|x64
		{386F1F79-BE31-4E69-B685-A6BE5D9050A9}.Release|ARM.ActiveCfg = Release|Win32
		{386F1F79-BE31-4E69-B685-A6BE5D9050A9}.Release|ARM.Build.0 = Release|Win32
		{386F1F79-BE31-4E69-B685-A6BE5D9050A9}.Release|Mixed Platforms.ActiveCfg = Release|Win32
		{386F1F79-BE31-4E69-B685-A6BE5D9050A9}.Release|Mixed Platforms.Build.0 = Release|Win32
		{386F1F79-BE31-4E69-B685-A6BE5D9050A9}.Release|Win32.ActiveCfg = Release|Win32
		{386F1F79-BE31-4E69-B685-A6BE5D9050A9}.Release|Win32.Build.0 = Release|Win32
		{386F1F79-BE31-4E69-B685-A6BE5D9050A9}.Release|x64.ActiveCfg = Release|x64
		{386F1F79-BE31-4E69-B685-A6BE5D9050A9}.Release|x64.Build.0 = Release|x64
		{08EFE8FD-9108-4687-961E-3E5237C335D2}.Debug_NO_EXCEPTIONS|ARM.ActiveCfg = Debug|Win32
		{08EFE8FD-9108-4687-961E-3E5237C335D2}.Debug_NO_EXCEPTIONS|Mixed Platforms.ActiveCfg = Debug|Win32
		{08EFE8FD-9108-4687-961E-3E5237C335D2}.Debug_NO_EXCEPTIONS|Mixed Platforms.Build.0 = Debug|Win32
		{08EFE8FD-9108-4687-961E-3E5237C335D2}.Debug_NO_EXCEPTIONS|Win32.ActiveCfg = Debug_NO_EXCEPTIONS|Win32
		{08EFE8FD-9108-4687-961E-3E5237C335D2}.Debug_NO_EXCEPTIONS|Win32.Build.0 = Debug_NO_EXCEPTIONS|Win32
		{08EFE8FD-9108-4687-961E-3E5237C335D2}.Debug_NO_EXCEPTIONS|x64.ActiveCfg = Debug_NO_EXCEPTIONS|x64
		{08EFE8FD-9108-4687-961E-3E5237C335D2}.Debug_NO_EXCEPTIONS|x64.Build.0 = Debug_NO_EXCEPTIONS|x64
		{08EFE8FD-9108-4687-961E-3E5237C335D2}.Debug|ARM.ActiveCfg = Debug|Win32
		{08EFE8FD-9108-4687-961E-3E5237C335D2}.Debug|Mixed Platforms.ActiveCfg = Debug|Win32
		{08EFE8FD-9108-4687-961E-3E5237C335D2}.Debug|Mixed Platforms.Build.0 = Debug|Win32
		{08EFE8FD-9108-4687-961E-3E5237C335D2}.Debug|Win32.ActiveCfg = Debug|Win32
		{08EFE8FD-9108-4687-961E-3E5237C335D2}.Debug|Win32.Build.0 = Debug|Win32
		{08EFE8FD-9108-4687-961E-3E5237C335D2}.Debug|x64.ActiveCfg = Debug|x64
		{08EFE8FD-9108-4687-961E-3E5237C335D2}.Debug|x64.Build.0 = Debug|x64
		{08EFE8FD-9108-4687-961E-3E5237C335D2}.Release_NO_EXCEPTIONS|ARM.ActiveCfg = Release|Win32
		{08EFE8FD-9108-4687-961E-3E5237C335D2}.Release_NO_EXCEPTIONS|Mixed Platforms.ActiveCfg = Release|Win32
		{08EFE8FD-9108-4687-961E-3E5237C335D2}.Release_NO_EXCEPTIONS|Mixed Platforms.Build.0 = Release|Win32
		{08EFE8FD-9108-4687-961E-3E5237C335D2}.Release_NO_EXCEPTIONS|Win32.ActiveCfg = Release_NO_EXCEPTIONS|Win32
		{08EFE8FD-9108-4687-961E-3E5237C335D2}.Release_NO_EXCEPTIONS|Win32.Build.0 = Release_NO_EXCEPTIONS|Win32
		{08EFE8FD-9108-4687-961E-3E5237C335D2}.Release_NO_EXCEPTIONS|x64.ActiveCfg = Release_NO_EXCEPTIONS|x64
		{08EFE8FD-9108-4687-961E-3E5237C335D2}.Release_NO_EXCEPTIONS|x64.Build.0 = Release_NO_EXCEPTIONS|x64
		{08EFE8FD-9108-4687-961E-3E5237C335D2}.Release|ARM.ActiveCfg = Release|Win32
		{08EFE8FD-9108-4687-961E-3E5237C335D2}.Release|Mixed Platforms.ActiveCfg = Release|Win32
		{08EFE8FD-9108-4687-961E-3E5237C335D2}.Release|Mixed Platforms.Build.0 = Release|Win32
		{08EFE8FD-9108-4687-961E-3E5237C335D2}.Release|Win32.ActiveCfg = Release|Win32
		{08EFE8FD-9108-4687-961E-3E5237C335D2}.Release|Win32.Build.0 = Release|Win32
		{08EFE8FD-9108-4687-961E-3E5237C335D2}.Release|x64.ActiveCfg = Release|x64
		{08EFE8FD-9108-4687-961E-3E5237C335D2}.Release|x64.Build.0 = Release|x64
		{C59E4E29-1B33-448E-900E-185FF9460834}.Debug_NO_EXCEPTIONS|ARM.ActiveCfg = Debug|Win32
		{C59E4E29-1B33-448E-900E-185FF9460834}.Debug_NO_EXCEPTIONS|Mixed Platforms.ActiveCfg = Debug|Win32
		{C59E4E29-1B33-448E-900E-185FF9460834}.Debug_NO_EXCEPTIONS|Mixed Platforms.Build.0 = Debug|Win32
		{C59E4E29-1B33-448E-900E-185FF9460834}.Debug_NO_EXCEPTIONS|Win32.ActiveCfg = Debug_NO_EXCEPTIONS|Win32
		{C59E4E29-1B33-448E-900E-185FF9460834}.Debug_NO_EXCEPTIONS|Win32.Build.0 = Debug_NO_EXCEPTIONS|Win32
		{C59E4E29-1B33-448E-900E-185FF9460834}.Debug_NO_EXCEPTIONS|x64.ActiveCfg = Debug_NO_EXCEPTIONS|x64
		{C59E4E29-1B33-448E-900E-185FF9460834}.Debug_NO_EXCEPTIONS|x64.Build.0 = Debug_NO_EXCEPTIONS|x64
		{C59E4E29-1B33-448E-900E-185FF9460834}.Debug|ARM.ActiveCfg = Debug|Win32
		{C59E4E29-1B33-448E-900E-185FF9460834}.Debug|Mixed Platforms.ActiveCfg = Debug|Win32
		{C59E4E29-1B33-448E-900E-185FF9460834}.Debug|Mixed Platforms.Build.0 = Debug|Win32
		{C59E4E29-1B33-448E-900E-185FF9460834}.Debug|Win32.ActiveCfg = Debug|Win32
		{C59E4E29-1B33-448E-900E-185FF9460834}.Debug|Win32.Build.0 = Debug|Win32
		{C59E4E29-1B33-448E-900E-185FF9460834}.Debug|x64.ActiveCfg = Debug|x64
		{C59E4E29-1B33-448E-900E-185FF9460834}.Debug|x64.Build.0 = Debug|x64
		{C59E4E29-1B33-448E-900E-185FF9460834}.Release_NO_EXCEPTIONS|ARM.ActiveCfg = Release|Win32
		{C59E4E29-1B33-448E-900E-185FF9460834}.Release_NO_EXCEPTIONS|Mixed Platforms.ActiveCfg = Release|Win32
		{C59E4E29-1B33-448E-900E-185FF9460834}.Release_NO_EXCEPTIONS|Mixed Platforms.Build.0 = Release|Win32
		{C59E4E29-1B33-448E-900E-185FF9460834}.Release_NO_EXCEPTIONS|Win32.ActiveCfg = Release_NO_EXCEPTIONS|Win32
		{C59E4E29-1B33-448E-900E-185FF9460834}.Release_NO_EXCEPTIONS|Win32.Build.0 = Release_NO_EXCEPTIONS|Win32
		{C59E4E29-1B33-448E-900E-185FF9460834}.Release_NO_EXCEPTIONS|x64.ActiveCfg = Release_NO_EXCEPTIONS|x64
		{C59E4E29-1B33-448E-900E-185FF9460834}.Release_NO_EXCEPTIONS|x64.Build.0 = Release_NO_EXCEPTIONS|x64
		{C59E4E29-1B33-448E-900E-185FF9460834}.Release|ARM.ActiveCfg = Release|Win32
		{C59E4E29-1B33-448E-900E-185FF9460834}.Release|Mixed Platforms.ActiveCfg = Release|Win32
		{C59E4E29-1B33-448E-900E-185FF9460834}.Release|Mixed Platforms.Build.0 = Release|Win32
		{C59E4E29-1B33-448E-900E-185FF9460834}.Release|Win32.ActiveCfg = Release|Win32
		{C59E4E29-1B33-448E-900E-185FF9460834}.Release|Win32.Build.0 = Release|Win32
		{C59E4E29-1B33-448E-900E-185FF9460834}.Release|x64.ActiveCfg = Release|x64
		{C59E4E29-1B33-448E-900E-185FF9460834}.Release|x64.Build.0 = Release|x64
		{9894BC27-10D8-474E-A567-6EB5753AEBEB}.Debug_NO_EXCEPTIONS|ARM.ActiveCfg = Debug|Win32
		{9894BC27-10D8-474E-A567-6EB5753AEBEB}.Debug_NO_EXCEPTIONS|Mixed Platforms.ActiveCfg = Debug|Win32
		{9894BC27-10D8-474E-A567-6EB5753AEBEB}.Debug_NO_EXCEPTIONS|Mixed Platforms.Build.0 = Debug|Win32
		{9894BC27-10D8-474E-A567-6EB5753AEBEB}.Debug_NO_EXCEPTIONS|Win32.ActiveCfg = Debug_NO_EXCEPTIONS|Win32
		{9894BC27-10D8-474E-A567-6EB5753AEBEB}.Debug_NO_EXCEPTIONS|Win32.Build.0 = Debug_NO_EXCEPTIONS|Win32
		{9894BC27-10D8-474E-A567-6EB5753AEBEB}.Debug_NO_EXCEPTIONS|x64.ActiveCfg = Debug_NO_EXCEPTIONS|x64
		{9894BC27-10D8-474E-A567-6EB5753AEBEB}.Debug_NO_EXCEPTIONS|x64.Build.0 = Debug_NO_EXCEPTIONS|x64
		{9894BC27-10D8-474E-A567-6EB5753AEBEB}.Debug|ARM.ActiveCfg = Debug|Win32
		{9894BC27-10D8-474E-A567-6EB5753AEBEB}.Debug|Mixed Platforms.ActiveCfg = Debug|Win32
		{9894BC27-10D8-474E-A567-6EB5753AEBEB}.Debug|Mixed Platforms.Build.0 = Debug|Win32
		{9894BC27-10D8-474E-A567-6EB5753AEBEB}.Debug|Win32.ActiveCfg = Debug|Win32
		{9894BC27-10D8-474E-A567-6EB5753AEBEB}.Debug|Win32.Build.0 = Debug|Win32
		{9894BC27-10D8-474E-A567-6EB5753AEBEB}.Debug|x64.ActiveCfg = Debug|x64
		{9894BC27-10D8-474E-A567-6EB5753AEBEB}.Debug|x64.Build.0 = Debug|x64
		{9894BC27-10D8-474E-A567-6EB5753AEBEB}.Release_NO_EXCEPTIONS|ARM.ActiveCfg = Release|Win32
		{9894BC27-10D8-474E-A567-6EB5753AEBEB}.Release_NO_EXCEPTIONS|Mixed Platforms.ActiveCfg = Release|Win32
		{9894BC27-10D8-474E-A567-6EB5753AEBEB}.Release_NO_EXCEPTIONS|Mixed Platforms.Build.0 = Release|Win32
		{9894BC27-10D8-474E-A567-6EB5753AEBEB}.Release_NO_EXCEPTIONS|Win32.ActiveCfg = Release_NO_EXCEPTIONS|Win32
		{9894BC27-10D8-474E-A567-6EB5753AEBEB}.Release_NO_EXCEPTIONS|Win32.Build.0 = Release_NO_EXCEPTIONS|Win32
		{9894BC27-10D8-474E-A567-6EB5753AEBEB}.Release_NO_EXCEPTIONS|x64.ActiveCfg = Release_NO_EXCEPTIONS|x64
		{9894BC27-10D8-474E-A567-6EB5753AEBEB}.Release_NO_EXCEPTIONS|x64.Build.0 = Release_NO_EXCEPTIONS|x64
		{9894BC27-10D8-474E-A567-6EB5753AEBEB}.Release|ARM.ActiveCfg = Release|Win32
		{9894BC27-10D8-474E-A567-6EB5753AEBEB}.Release|Mixed Platforms.ActiveCfg = Release|Win32
		{9894BC27-10D8-474E-A567-6EB5753AEBEB}.Release|Mixed Platforms.Build.0 = Release|Win32
		{9894BC27-10D8-474E-A567-6EB5753AEBEB}.Release|Win32.ActiveCfg = Release|Win32
		{9894BC27-10D8-474E-A567-6EB5753AEBEB}.Release|Win32.Build.0 = Release|Win32
		{9894BC27-10D8-474E-A567-6EB5753AEBEB}.Release|x64.ActiveCfg = Release|x64
		{9894BC27-10D8-474E-A567-6EB5753AEBEB}.Release|x64.Build.0 = Release|x64
	EndGlobalSection
	GlobalSection(SolutionProperties) = preSolution
		HideSolutionNode = FALSE
	EndGlobalSection
EndGlobal
