Microsoft Visual Studio Solution File, Format Version 8.00
Project("{8BC9CEB8-8B4A-11D0-8D11-00A0C91BC942}") = "PthreadClassLib", "PthreadClassLib.vcproj", "{B4483C7F-E88A-4034-9DFA-784720D361F2}"
	ProjectSection(ProjectDependencies) = postProject
	EndProjectSection
EndProject
Project("{8BC9CEB8-8B4A-11D0-8D11-00A0C91BC942}") = "test", "test\test.vcproj", "{E5018C01-6F15-4BAF-AC50-CCE1F4EBC6BD}"
	ProjectSection(ProjectDependencies) = postProject
		{B4483C7F-E88A-4034-9DFA-784720D361F2} = {B4483C7F-E88A-4034-9DFA-784720D361F2}
	EndProjectSection
EndProject
Global
	GlobalSection(SolutionConfiguration) = preSolution
		Debug = Debug
		Release = Release
	EndGlobalSection
	GlobalSection(ProjectConfiguration) = postSolution
		{B4483C7F-E88A-4034-9DFA-784720D361F2}.Debug.ActiveCfg = Debug|Win32
		{B4483C7F-E88A-4034-9DFA-784720D361F2}.Debug.Build.0 = Debug|Win32
		{B4483C7F-E88A-4034-9DFA-784720D361F2}.Release.ActiveCfg = Release|Win32
		{B4483C7F-E88A-4034-9DFA-784720D361F2}.Release.Build.0 = Release|Win32
		{E5018C01-6F15-4BAF-AC50-CCE1F4EBC6BD}.Debug.ActiveCfg = Debug|Win32
		{E5018C01-6F15-4BAF-AC50-CCE1F4EBC6BD}.Debug.Build.0 = Debug|Win32
		{E5018C01-6F15-4BAF-AC50-CCE1F4EBC6BD}.Release.ActiveCfg = Release|Win32
		{E5018C01-6F15-4BAF-AC50-CCE1F4EBC6BD}.Release.Build.0 = Release|Win32
	EndGlobalSection
	GlobalSection(ExtensibilityGlobals) = postSolution
	EndGlobalSection
	GlobalSection(ExtensibilityAddIns) = postSolution
	EndGlobalSection
EndGlobal
